
Microsoft Visual Studio Solution File, Format Version 12.00
# Visual Studio 15
VisualStudioVersion = 15.0.26124.0
MinimumVisualStudioVersion = 15.0.26124.0
Project("{F2A71F9B-5D33-465A-A702-920D77279786}") = "Client", "Client\Client.fsproj", "{79E09821-AFFC-4758-AF8A-622F7D1AD07B}"
EndProject
Project("{F2A71F9B-5D33-465A-A702-920D77279786}") = "Server", "Server\Server.fsproj", "{82E05948-4043-4B09-9321-979A23F25264}"
EndProject
Project("{F2A71F9B-5D33-465A-A702-920D77279786}") = "Shared", "Shared\Shared.fsproj", "{9FD97454-F12E-42A6-A9D7-007A6BB5B4F5}"
EndProject
Global
	GlobalSection(SolutionConfigurationPlatforms) = preSolution
		Debug|Any CPU = Debug|Any CPU
		Debug|x64 = Debug|x64
		Debug|x86 = Debug|x86
		Release|Any CPU = Release|Any CPU
		Release|x64 = Release|x64
		Release|x86 = Release|x86
	EndGlobalSection
	GlobalSection(SolutionProperties) = preSolution
		HideSolutionNode = FALSE
	EndGlobalSection
	GlobalSection(ProjectConfigurationPlatforms) = postSolution
		{79E09821-AFFC-4758-AF8A-622F7D1AD07B}.Debug|Any CPU.ActiveCfg = Debug|Any CPU
		{79E09821-AFFC-4758-AF8A-622F7D1AD07B}.Debug|Any CPU.Build.0 = Debug|Any CPU
		{79E09821-AFFC-4758-AF8A-622F7D1AD07B}.Debug|x64.ActiveCfg = Debug|Any CPU
		{79E09821-AFFC-4758-AF8A-622F7D1AD07B}.Debug|x64.Build.0 = Debug|Any CPU
		{79E09821-AFFC-4758-AF8A-622F7D1AD07B}.Debug|x86.ActiveCfg = Debug|Any CPU
		{79E09821-AFFC-4758-AF8A-622F7D1AD07B}.Debug|x86.Build.0 = Debug|Any CPU
		{79E09821-AFFC-4758-AF8A-622F7D1AD07B}.Release|Any CPU.ActiveCfg = Release|Any CPU
		{79E09821-AFFC-4758-AF8A-622F7D1AD07B}.Release|Any CPU.Build.0 = Release|Any CPU
		{79E09821-AFFC-4758-AF8A-622F7D1AD07B}.Release|x64.ActiveCfg = Release|Any CPU
		{79E09821-AFFC-4758-AF8A-622F7D1AD07B}.Release|x64.Build.0 = Release|Any CPU
		{79E09821-AFFC-4758-AF8A-622F7D1AD07B}.Release|x86.ActiveCfg = Release|Any CPU
		{79E09821-AFFC-4758-AF8A-622F7D1AD07B}.Release|x86.Build.0 = Release|Any CPU
		{82E05948-4043-4B09-9321-979A23F25264}.Debug|Any CPU.ActiveCfg = Debug|Any CPU
		{82E05948-4043-4B09-9321-979A23F25264}.Debug|Any CPU.Build.0 = Debug|Any CPU
		{82E05948-4043-4B09-9321-979A23F25264}.Debug|x64.ActiveCfg = Debug|Any CPU
		{82E05948-4043-4B09-9321-979A23F25264}.Debug|x64.Build.0 = Debug|Any CPU
		{82E05948-4043-4B09-9321-979A23F25264}.Debug|x86.ActiveCfg = Debug|Any CPU
		{82E05948-4043-4B09-9321-979A23F25264}.Debug|x86.Build.0 = Debug|Any CPU
		{82E05948-4043-4B09-9321-979A23F25264}.Release|Any CPU.ActiveCfg = Release|Any CPU
		{82E05948-4043-4B09-9321-979A23F25264}.Release|Any CPU.Build.0 = Release|Any CPU
		{82E05948-4043-4B09-9321-979A23F25264}.Release|x64.ActiveCfg = Release|Any CPU
		{82E05948-4043-4B09-9321-979A23F25264}.Release|x64.Build.0 = Release|Any CPU
		{82E05948-4043-4B09-9321-979A23F25264}.Release|x86.ActiveCfg = Release|Any CPU
		{82E05948-4043-4B09-9321-979A23F25264}.Release|x86.Build.0 = Release|Any CPU
		{9FD97454-F12E-42A6-A9D7-007A6BB5B4F5}.Debug|Any CPU.ActiveCfg = Debug|Any CPU
		{9FD97454-F12E-42A6-A9D7-007A6BB5B4F5}.Debug|Any CPU.Build.0 = Debug|Any CPU
		{9FD97454-F12E-42A6-A9D7-007A6BB5B4F5}.Debug|x64.ActiveCfg = Debug|Any CPU
		{9FD97454-F12E-42A6-A9D7-007A6BB5B4F5}.Debug|x64.Build.0 = Debug|Any CPU
		{9FD97454-F12E-42A6-A9D7-007A6BB5B4F5}.Debug|x86.ActiveCfg = Debug|Any CPU
		{9FD97454-F12E-42A6-A9D7-007A6BB5B4F5}.Debug|x86.Build.0 = Debug|Any CPU
		{9FD97454-F12E-42A6-A9D7-007A6BB5B4F5}.Release|Any CPU.ActiveCfg = Release|Any CPU
		{9FD97454-F12E-42A6-A9D7-007A6BB5B4F5}.Release|Any CPU.Build.0 = Release|Any CPU
		{9FD97454-F12E-42A6-A9D7-007A6BB5B4F5}.Release|x64.ActiveCfg = Release|Any CPU
		{9FD97454-F12E-42A6-A9D7-007A6BB5B4F5}.Release|x64.Build.0 = Release|Any CPU
		{9FD97454-F12E-42A6-A9D7-007A6BB5B4F5}.Release|x86.ActiveCfg = Release|Any CPU
		{9FD97454-F12E-42A6-A9D7-007A6BB5B4F5}.Release|x86.Build.0 = Release|Any CPU
	EndGlobalSection
EndGlobal
